
Microsoft Visual Studio Solution File, Format Version 12.00
# Visual Studio Version 17
VisualStudioVersion = 17.3.32929.385
MinimumVisualStudioVersion = 10.0.40219.1
Project("{FAE04EC0-301F-11D3-BF4B-00C04F79EFBC}") = "DataAccess", "DataAccess\DataAccess.csproj", "{F274FB14-2414-4903-94BE-C8ADD20CE75F}"
EndProject
Project("{FAE04EC0-301F-11D3-BF4B-00C04F79EFBC}") = "BusinessObject", "BusinessObject\BusinessObject.csproj", "{FC2A4622-92BC-434E-AFC0-A5F15B941649}"
EndProject
Project("{FAE04EC0-301F-11D3-BF4B-00C04F79EFBC}") = "Application", "Application\Application.csproj", "{E1BA1D0E-9CB9-420A-9284-0DC60DCA65FB}"
EndProject
Global
	GlobalSection(SolutionConfigurationPlatforms) = preSolution
		Debug|Any CPU = Debug|Any CPU
		Release|Any CPU = Release|Any CPU
	EndGlobalSection
	GlobalSection(ProjectConfigurationPlatforms) = postSolution
		{F274FB14-2414-4903-94BE-C8ADD20CE75F}.Debug|Any CPU.ActiveCfg = Debug|Any CPU
		{F274FB14-2414-4903-94BE-C8ADD20CE75F}.Debug|Any CPU.Build.0 = Debug|Any CPU
		{F274FB14-2414-4903-94BE-C8ADD20CE75F}.Release|Any CPU.ActiveCfg = Release|Any CPU
		{F274FB14-2414-4903-94BE-C8ADD20CE75F}.Release|Any CPU.Build.0 = Release|Any CPU
		{FC2A4622-92BC-434E-AFC0-A5F15B941649}.Debug|Any CPU.ActiveCfg = Debug|Any CPU
		{FC2A4622-92BC-434E-AFC0-A5F15B941649}.Debug|Any CPU.Build.0 = Debug|Any CPU
		{FC2A4622-92BC-434E-AFC0-A5F15B941649}.Release|Any CPU.ActiveCfg = Release|Any CPU
		{FC2A4622-92BC-434E-AFC0-A5F15B941649}.Release|Any CPU.Build.0 = Release|Any CPU
		{E1BA1D0E-9CB9-420A-9284-0DC60DCA65FB}.Debug|Any CPU.ActiveCfg = Debug|Any CPU
		{E1BA1D0E-9CB9-420A-9284-0DC60DCA65FB}.Debug|Any CPU.Build.0 = Debug|Any CPU
		{E1BA1D0E-9CB9-420A-9284-0DC60DCA65FB}.Release|Any CPU.ActiveCfg = Release|Any CPU
		{E1BA1D0E-9CB9-420A-9284-0DC60DCA65FB}.Release|Any CPU.Build.0 = Release|Any CPU
	EndGlobalSection
	GlobalSection(SolutionProperties) = preSolution
		HideSolutionNode = FALSE
	EndGlobalSection
	GlobalSection(ExtensibilityGlobals) = postSolution
		SolutionGuid = {4284FFA1-1FC6-4DCD-B5FC-0AC2DDD2FA67}
	EndGlobalSection
EndGlobal
